github.com/go-text/typesetting v0.0.0-20231113130822-cf4b5dada737 h1:f3RLpvFfXcwZENOc4rPcnD+mbObAAn/HPe7GBpOptZw=
github.com/go-text/typesetting v0.0.0-20231113130822-cf4b5dada737/go.mod h1:evDBbvNR/KaVFZ2ZlDSOWWXIUKq0wCOEtzLxRM8SG3k=
github.com/go-text/typesetting-utils v0.0.0-20230616150549-2a7df14b6a22 h1:LBQTFxP2MfsyEDqSKmUBZaDuDHN1vpqDyOZjcqS7MYI=
github.com/go-text/typesetting-utils v0.0.0-20230616150549-2a7df14b6a22/go.mod h1:DDxDdQEnB70R8owOx3LVpEFvpMK9eeH1o2r0yZhFI9o=
golang.org/x/image v0.13.0 h1:3cge/F/QTkNLauhf2QoE9zp+7sr+ZcL4HnoZmdwg9sg=
golang.org/x/image v0.13.0/go.mod h1:6mmbMOeV28HuMTgA6OSRkdXKYw/t5W9Uwn2Yv1r3Yxk=
golang.org/x/text v0.13.0 h1:ablQoSUd0tRdKxZewP80B+BaqeKJuVhuRxj/dkrun3k=
golang.org/x/text v0.13.0/go.mod h1:TvPlkZtksWOMsz7fbANvkp4WM8x/WCo/om8BMLbz+aE=
